
Microsoft Visual Studio Solution File, Format Version 12.00
Project("{FAE04EC0-301F-11D3-BF4B-00C04F79EFBC}") = "ClassLibrary", "ClassLibrary\ClassLibrary.csproj", "{08B588C4-C6B0-4BC8-9FED-2FF4C5D9B5E1}"
EndProject
Project("{FAE04EC0-301F-11D3-BF4B-00C04F79EFBC}") = "Bot", "Bot\Bot.csproj", "{BE616CD9-B113-4041-957D-DCA4BEFFCA4C}"
EndProject
Global
	GlobalSection(SolutionConfigurationPlatforms) = preSolution
		Debug|Any CPU = Debug|Any CPU
		Release|Any CPU = Release|Any CPU
	EndGlobalSection
	GlobalSection(ProjectConfigurationPlatforms) = postSolution
		{08B588C4-C6B0-4BC8-9FED-2FF4C5D9B5E1}.Debug|Any CPU.ActiveCfg = Debug|Any CPU
		{08B588C4-C6B0-4BC8-9FED-2FF4C5D9B5E1}.Debug|Any CPU.Build.0 = Debug|Any CPU
		{08B588C4-C6B0-4BC8-9FED-2FF4C5D9B5E1}.Release|Any CPU.ActiveCfg = Release|Any CPU
		{08B588C4-C6B0-4BC8-9FED-2FF4C5D9B5E1}.Release|Any CPU.Build.0 = Release|Any CPU
		{BE616CD9-B113-4041-957D-DCA4BEFFCA4C}.Debug|Any CPU.ActiveCfg = Debug|Any CPU
		{BE616CD9-B113-4041-957D-DCA4BEFFCA4C}.Debug|Any CPU.Build.0 = Debug|Any CPU
		{BE616CD9-B113-4041-957D-DCA4BEFFCA4C}.Release|Any CPU.ActiveCfg = Release|Any CPU
		{BE616CD9-B113-4041-957D-DCA4BEFFCA4C}.Release|Any CPU.Build.0 = Release|Any CPU
	EndGlobalSection
EndGlobal
