
Microsoft Visual Studio Solution File, Format Version 12.00
Project("{FAE04EC0-301F-11D3-BF4B-00C04F79EFBC}") = "AuroraAPI", "AuroraAPI\AuroraAPI.csproj", "{D2F6E8E4-3E7B-418C-A1D2-F0BA76CFE448}"
EndProject
Project("{FAE04EC0-301F-11D3-BF4B-00C04F79EFBC}") = "AuroraLibrary", "AuroraLibrary\AuroraLibrary.csproj", "{BB7B4C2E-02B3-4CC9-B746-ECBB2A7083F1}"
EndProject
Project("{FAE04EC0-301F-11D3-BF4B-00C04F79EFBC}") = "AuraConsole", "AuraConsole\AuraConsole.csproj", "{6826333D-2872-41E5-A7F9-348D6790F4D5}"
EndProject
Global
	GlobalSection(SolutionConfigurationPlatforms) = preSolution
		Debug|Any CPU = Debug|Any CPU
		Release|Any CPU = Release|Any CPU
	EndGlobalSection
	GlobalSection(ProjectConfigurationPlatforms) = postSolution
		{D2F6E8E4-3E7B-418C-A1D2-F0BA76CFE448}.Debug|Any CPU.ActiveCfg = Debug|Any CPU
		{D2F6E8E4-3E7B-418C-A1D2-F0BA76CFE448}.Debug|Any CPU.Build.0 = Debug|Any CPU
		{D2F6E8E4-3E7B-418C-A1D2-F0BA76CFE448}.Release|Any CPU.ActiveCfg = Release|Any CPU
		{D2F6E8E4-3E7B-418C-A1D2-F0BA76CFE448}.Release|Any CPU.Build.0 = Release|Any CPU
		{BB7B4C2E-02B3-4CC9-B746-ECBB2A7083F1}.Debug|Any CPU.ActiveCfg = Debug|Any CPU
		{BB7B4C2E-02B3-4CC9-B746-ECBB2A7083F1}.Debug|Any CPU.Build.0 = Debug|Any CPU
		{BB7B4C2E-02B3-4CC9-B746-ECBB2A7083F1}.Release|Any CPU.ActiveCfg = Release|Any CPU
		{BB7B4C2E-02B3-4CC9-B746-ECBB2A7083F1}.Release|Any CPU.Build.0 = Release|Any CPU
		{6826333D-2872-41E5-A7F9-348D6790F4D5}.Debug|Any CPU.ActiveCfg = Debug|Any CPU
		{6826333D-2872-41E5-A7F9-348D6790F4D5}.Debug|Any CPU.Build.0 = Debug|Any CPU
		{6826333D-2872-41E5-A7F9-348D6790F4D5}.Release|Any CPU.ActiveCfg = Release|Any CPU
		{6826333D-2872-41E5-A7F9-348D6790F4D5}.Release|Any CPU.Build.0 = Release|Any CPU
	EndGlobalSection
EndGlobal
